// !$*UTF8*$!
{
	archiveVersion = 1;
	classes = {
	};
	objectVersion = 50;
	objects = {

/* Begin PBXBuildFile section */
		843EC94021E66D2400167A20 /* MapViewController.swift in Sources */ = {isa = PBXBuildFile; fileRef = 843EC93F21E66D2400167A20 /* MapViewController.swift */; };
		843EC94221E6828F00167A20 /* EmployeesTableViewController.swift in Sources */ = {isa = PBXBuildFile; fileRef = 843EC94121E6828F00167A20 /* EmployeesTableViewController.swift */; };
		843EC94421E682D300167A20 /* MapRouteViewController.swift in Sources */ = {isa = PBXBuildFile; fileRef = 843EC94321E682D300167A20 /* MapRouteViewController.swift */; };
		84743CD721E3A12200B7D6A3 /* AppDelegate.swift in Sources */ = {isa = PBXBuildFile; fileRef = 84743CD621E3A12200B7D6A3 /* AppDelegate.swift */; };
		84743CD921E3A12200B7D6A3 /* ViewController.swift in Sources */ = {isa = PBXBuildFile; fileRef = 84743CD821E3A12200B7D6A3 /* ViewController.swift */; };
		84743CDC21E3A12200B7D6A3 /* Main.storyboard in Resources */ = {isa = PBXBuildFile; fileRef = 84743CDA21E3A12200B7D6A3 /* Main.storyboard */; };
		84743CDE21E3A12300B7D6A3 /* Assets.xcassets in Resources */ = {isa = PBXBuildFile; fileRef = 84743CDD21E3A12300B7D6A3 /* Assets.xcassets */; };
		84743CE121E3A12300B7D6A3 /* LaunchScreen.storyboard in Resources */ = {isa = PBXBuildFile; fileRef = 84743CDF21E3A12300B7D6A3 /* LaunchScreen.storyboard */; };
		84743CEC21E3A12300B7D6A3 /* CursoSwiftSeguimientoTests.swift in Sources */ = {isa = PBXBuildFile; fileRef = 84743CEB21E3A12300B7D6A3 /* CursoSwiftSeguimientoTests.swift */; };
		84743CF721E3A12400B7D6A3 /* CursoSwiftSeguimientoUITests.swift in Sources */ = {isa = PBXBuildFile; fileRef = 84743CF621E3A12400B7D6A3 /* CursoSwiftSeguimientoUITests.swift */; };
		84743D0A21E3B85500B7D6A3 /* ViewController2.swift in Sources */ = {isa = PBXBuildFile; fileRef = 84743D0921E3B85500B7D6A3 /* ViewController2.swift */; };
		84743D0C21E3BA1200B7D6A3 /* ViewController3.swift in Sources */ = {isa = PBXBuildFile; fileRef = 84743D0B21E3BA1200B7D6A3 /* ViewController3.swift */; };
		84743D0F21E3D33700B7D6A3 /* User.swift in Sources */ = {isa = PBXBuildFile; fileRef = 84743D0E21E3D33700B7D6A3 /* User.swift */; };
		84743D1221E3D78700B7D6A3 /* LoginViewController.swift in Sources */ = {isa = PBXBuildFile; fileRef = 84743D1121E3D78700B7D6A3 /* LoginViewController.swift */; };
		84743D1421E3D79200B7D6A3 /* RegisterViewController.swift in Sources */ = {isa = PBXBuildFile; fileRef = 84743D1321E3D79200B7D6A3 /* RegisterViewController.swift */; };
		84743D1621E3D7B000B7D6A3 /* RecoverViewController.swift in Sources */ = {isa = PBXBuildFile; fileRef = 84743D1521E3D7B000B7D6A3 /* RecoverViewController.swift */; };
		84743D1821E3D7BC00B7D6A3 /* MainMenuViewController.swift in Sources */ = {isa = PBXBuildFile; fileRef = 84743D1721E3D7BC00B7D6A3 /* MainMenuViewController.swift */; };
		84F561E021E7AFEA00055185 /* Model.xcdatamodeld in Sources */ = {isa = PBXBuildFile; fileRef = 84F561DE21E7AFEA00055185 /* Model.xcdatamodeld */; };
		84F561E321E7BD7A00055185 /* EditEmployeeViewController.swift in Sources */ = {isa = PBXBuildFile; fileRef = 84F561E221E7BD7A00055185 /* EditEmployeeViewController.swift */; };
/* End PBXBuildFile section */

/* Begin PBXContainerItemProxy section */
		84743CE821E3A12300B7D6A3 /* PBXContainerItemProxy */ = {
			isa = PBXContainerItemProxy;
			containerPortal = 84743CCB21E3A12200B7D6A3 /* Project object */;
			proxyType = 1;
			remoteGlobalIDString = 84743CD221E3A12200B7D6A3;
			remoteInfo = CursoSwiftSeguimiento;
		};
		84743CF321E3A12300B7D6A3 /* PBXContainerItemProxy */ = {
			isa = PBXContainerItemProxy;
			containerPortal = 84743CCB21E3A12200B7D6A3 /* Project object */;
			proxyType = 1;
			remoteGlobalIDString = 84743CD221E3A12200B7D6A3;
			remoteInfo = CursoSwiftSeguimiento;
		};
/* End PBXContainerItemProxy section */

/* Begin PBXFileReference section */
		843EC93F21E66D2400167A20 /* MapViewController.swift */ = {isa = PBXFileReference; lastKnownFileType = sourcecode.swift; path = MapViewController.swift; sourceTree = "<group>"; };
		843EC94121E6828F00167A20 /* EmployeesTableViewController.swift */ = {isa = PBXFileReference; lastKnownFileType = sourcecode.swift; path = EmployeesTableViewController.swift; sourceTree = "<group>"; };
		843EC94321E682D300167A20 /* MapRouteViewController.swift */ = {isa = PBXFileReference; lastKnownFileType = sourcecode.swift; path = MapRouteViewController.swift; sourceTree = "<group>"; };
		84743CD321E3A12200B7D6A3 /* CursoSwiftPauloEGMActividad6CoreData.app */ = {isa = PBXFileReference; explicitFileType = wrapper.application; includeInIndex = 0; path = CursoSwiftPauloEGMActividad6CoreData.app; sourceTree = BUILT_PRODUCTS_DIR; };
		84743CD621E3A12200B7D6A3 /* AppDelegate.swift */ = {isa = PBXFileReference; lastKnownFileType = sourcecode.swift; path = AppDelegate.swift; sourceTree = "<group>"; };
		84743CD821E3A12200B7D6A3 /* ViewController.swift */ = {isa = PBXFileReference; lastKnownFileType = sourcecode.swift; path = ViewController.swift; sourceTree = "<group>"; };
		84743CDB21E3A12200B7D6A3 /* Base */ = {isa = PBXFileReference; lastKnownFileType = file.storyboard; name = Base; path = Base.lproj/Main.storyboard; sourceTree = "<group>"; };
		84743CDD21E3A12300B7D6A3 /* Assets.xcassets */ = {isa = PBXFileReference; lastKnownFileType = folder.assetcatalog; path = Assets.xcassets; sourceTree = "<group>"; };
		84743CE021E3A12300B7D6A3 /* Base */ = {isa = PBXFileReference; lastKnownFileType = file.storyboard; name = Base; path = Base.lproj/LaunchScreen.storyboard; sourceTree = "<group>"; };
		84743CE221E3A12300B7D6A3 /* Info.plist */ = {isa = PBXFileReference; lastKnownFileType = text.plist.xml; path = Info.plist; sourceTree = "<group>"; };
		84743CE721E3A12300B7D6A3 /* CursoSwiftPauloEGMActividad6CoreDataTests.xctest */ = {isa = PBXFileReference; explicitFileType = wrapper.cfbundle; includeInIndex = 0; path = CursoSwiftPauloEGMActividad6CoreDataTests.xctest; sourceTree = BUILT_PRODUCTS_DIR; };
		84743CEB21E3A12300B7D6A3 /* CursoSwiftSeguimientoTests.swift */ = {isa = PBXFileReference; lastKnownFileType = sourcecode.swift; path = CursoSwiftSeguimientoTests.swift; sourceTree = "<group>"; };
		84743CED21E3A12300B7D6A3 /* Info.plist */ = {isa = PBXFileReference; lastKnownFileType = text.plist.xml; path = Info.plist; sourceTree = "<group>"; };
		84743CF221E3A12300B7D6A3 /* CursoSwiftPauloEGMActividad6CoreDataUITests.xctest */ = {isa = PBXFileReference; explicitFileType = wrapper.cfbundle; includeInIndex = 0; path = CursoSwiftPauloEGMActividad6CoreDataUITests.xctest; sourceTree = BUILT_PRODUCTS_DIR; };
		84743CF621E3A12400B7D6A3 /* CursoSwiftSeguimientoUITests.swift */ = {isa = PBXFileReference; lastKnownFileType = sourcecode.swift; path = CursoSwiftSeguimientoUITests.swift; sourceTree = "<group>"; };
		84743CF821E3A12400B7D6A3 /* Info.plist */ = {isa = PBXFileReference; lastKnownFileType = text.plist.xml; path = Info.plist; sourceTree = "<group>"; };
		84743D0921E3B85500B7D6A3 /* ViewController2.swift */ = {isa = PBXFileReference; lastKnownFileType = sourcecode.swift; path = ViewController2.swift; sourceTree = "<group>"; };
		84743D0B21E3BA1200B7D6A3 /* ViewController3.swift */ = {isa = PBXFileReference; lastKnownFileType = sourcecode.swift; path = ViewController3.swift; sourceTree = "<group>"; };
		84743D0E21E3D33700B7D6A3 /* User.swift */ = {isa = PBXFileReference; lastKnownFileType = sourcecode.swift; path = User.swift; sourceTree = "<group>"; };
		84743D1121E3D78700B7D6A3 /* LoginViewController.swift */ = {isa = PBXFileReference; lastKnownFileType = sourcecode.swift; path = LoginViewController.swift; sourceTree = "<group>"; };
		84743D1321E3D79200B7D6A3 /* RegisterViewController.swift */ = {isa = PBXFileReference; lastKnownFileType = sourcecode.swift; path = RegisterViewController.swift; sourceTree = "<group>"; };
		84743D1521E3D7B000B7D6A3 /* RecoverViewController.swift */ = {isa = PBXFileReference; lastKnownFileType = sourcecode.swift; path = RecoverViewController.swift; sourceTree = "<group>"; };
		84743D1721E3D7BC00B7D6A3 /* MainMenuViewController.swift */ = {isa = PBXFileReference; lastKnownFileType = sourcecode.swift; path = MainMenuViewController.swift; sourceTree = "<group>"; };
		84F561DF21E7AFEA00055185 /* Model.xcdatamodel */ = {isa = PBXFileReference; lastKnownFileType = wrapper.xcdatamodel; path = Model.xcdatamodel; sourceTree = "<group>"; };
		84F561E221E7BD7A00055185 /* EditEmployeeViewController.swift */ = {isa = PBXFileReference; lastKnownFileType = sourcecode.swift; path = EditEmployeeViewController.swift; sourceTree = "<group>"; };
/* End PBXFileReference section */

/* Begin PBXFrameworksBuildPhase section */
		84743CD021E3A12200B7D6A3 /* Frameworks */ = {
			isa = PBXFrameworksBuildPhase;
			buildActionMask = 2147483647;
			files = (
			);
			runOnlyForDeploymentPostprocessing = 0;
		};
		84743CE421E3A12300B7D6A3 /* Frameworks */ = {
			isa = PBXFrameworksBuildPhase;
			buildActionMask = 2147483647;
			files = (
			);
			runOnlyForDeploymentPostprocessing = 0;
		};
		84743CEF21E3A12300B7D6A3 /* Frameworks */ = {
			isa = PBXFrameworksBuildPhase;
			buildActionMask = 2147483647;
			files = (
			);
			runOnlyForDeploymentPostprocessing = 0;
		};
/* End PBXFrameworksBuildPhase section */

/* Begin PBXGroup section */
		843EC93E21E66D1000167A20 /* Activity5 */ = {
			isa = PBXGroup;
			children = (
				843EC93F21E66D2400167A20 /* MapViewController.swift */,
				843EC94121E6828F00167A20 /* EmployeesTableViewController.swift */,
				843EC94321E682D300167A20 /* MapRouteViewController.swift */,
			);
			path = Activity5;
			sourceTree = "<group>";
		};
		84743CCA21E3A12200B7D6A3 = {
			isa = PBXGroup;
			children = (
				84743CD521E3A12200B7D6A3 /* CursoSwiftSeguimiento */,
				84743CEA21E3A12300B7D6A3 /* CursoSwiftSeguimientoTests */,
				84743CF521E3A12300B7D6A3 /* CursoSwiftSeguimientoUITests */,
				84743CD421E3A12200B7D6A3 /* Products */,
			);
			sourceTree = "<group>";
		};
		84743CD421E3A12200B7D6A3 /* Products */ = {
			isa = PBXGroup;
			children = (
				84743CD321E3A12200B7D6A3 /* CursoSwiftPauloEGMActividad6CoreData.app */,
				84743CE721E3A12300B7D6A3 /* CursoSwiftPauloEGMActividad6CoreDataTests.xctest */,
				84743CF221E3A12300B7D6A3 /* CursoSwiftPauloEGMActividad6CoreDataUITests.xctest */,
			);
			name = Products;
			sourceTree = "<group>";
		};
		84743CD521E3A12200B7D6A3 /* CursoSwiftSeguimiento */ = {
			isa = PBXGroup;
			children = (
				84F561E121E7BD6400055185 /* Activity6 */,
				843EC93E21E66D1000167A20 /* Activity5 */,
				84743D1021E3D50900B7D6A3 /* Activity1 */,
				84743D0D21E3D2E400B7D6A3 /* Modelo */,
				84743D0421E3A6F400B7D6A3 /* Ejemplo1 */,
				84743CD621E3A12200B7D6A3 /* AppDelegate.swift */,
				84F561DE21E7AFEA00055185 /* Model.xcdatamodeld */,
				84743CD821E3A12200B7D6A3 /* ViewController.swift */,
				84743CDA21E3A12200B7D6A3 /* Main.storyboard */,
				84743CDD21E3A12300B7D6A3 /* Assets.xcassets */,
				84743CDF21E3A12300B7D6A3 /* LaunchScreen.storyboard */,
				84743CE221E3A12300B7D6A3 /* Info.plist */,
			);
			path = CursoSwiftSeguimiento;
			sourceTree = "<group>";
		};
		84743CEA21E3A12300B7D6A3 /* CursoSwiftSeguimientoTests */ = {
			isa = PBXGroup;
			children = (
				84743CEB21E3A12300B7D6A3 /* CursoSwiftSeguimientoTests.swift */,
				84743CED21E3A12300B7D6A3 /* Info.plist */,
			);
			path = CursoSwiftSeguimientoTests;
			sourceTree = "<group>";
		};
		84743CF521E3A12300B7D6A3 /* CursoSwiftSeguimientoUITests */ = {
			isa = PBXGroup;
			children = (
				84743CF621E3A12400B7D6A3 /* CursoSwiftSeguimientoUITests.swift */,
				84743CF821E3A12400B7D6A3 /* Info.plist */,
			);
			path = CursoSwiftSeguimientoUITests;
			sourceTree = "<group>";
		};
		84743D0421E3A6F400B7D6A3 /* Ejemplo1 */ = {
			isa = PBXGroup;
			children = (
				84743D0921E3B85500B7D6A3 /* ViewController2.swift */,
				84743D0B21E3BA1200B7D6A3 /* ViewController3.swift */,
			);
			path = Ejemplo1;
			sourceTree = "<group>";
		};
		84743D0D21E3D2E400B7D6A3 /* Modelo */ = {
			isa = PBXGroup;
			children = (
				84743D0E21E3D33700B7D6A3 /* User.swift */,
			);
			path = Modelo;
			sourceTree = "<group>";
		};
		84743D1021E3D50900B7D6A3 /* Activity1 */ = {
			isa = PBXGroup;
			children = (
				84743D1121E3D78700B7D6A3 /* LoginViewController.swift */,
				84743D1321E3D79200B7D6A3 /* RegisterViewController.swift */,
				84743D1521E3D7B000B7D6A3 /* RecoverViewController.swift */,
				84743D1721E3D7BC00B7D6A3 /* MainMenuViewController.swift */,
			);
			path = Activity1;
			sourceTree = "<group>";
		};
		84F561E121E7BD6400055185 /* Activity6 */ = {
			isa = PBXGroup;
			children = (
				84F561E221E7BD7A00055185 /* EditEmployeeViewController.swift */,
			);
			path = Activity6;
			sourceTree = "<group>";
		};
/* End PBXGroup section */

/* Begin PBXNativeTarget section */
		84743CD221E3A12200B7D6A3 /* CursoSwiftPauloEGMActividad6CoreData */ = {
			isa = PBXNativeTarget;
			buildConfigurationList = 84743CFB21E3A12400B7D6A3 /* Build configuration list for PBXNativeTarget "CursoSwiftPauloEGMActividad6CoreData" */;
			buildPhases = (
				84743CCF21E3A12200B7D6A3 /* Sources */,
				84743CD021E3A12200B7D6A3 /* Frameworks */,
				84743CD121E3A12200B7D6A3 /* Resources */,
			);
			buildRules = (
			);
			dependencies = (
			);
			name = CursoSwiftPauloEGMActividad6CoreData;
			productName = CursoSwiftSeguimiento;
			productReference = 84743CD321E3A12200B7D6A3 /* CursoSwiftPauloEGMActividad6CoreData.app */;
			productType = "com.apple.product-type.application";
		};
		84743CE621E3A12300B7D6A3 /* CursoSwiftPauloEGMActividad6CoreDataTests */ = {
			isa = PBXNativeTarget;
			buildConfigurationList = 84743CFE21E3A12400B7D6A3 /* Build configuration list for PBXNativeTarget "CursoSwiftPauloEGMActividad6CoreDataTests" */;
			buildPhases = (
				84743CE321E3A12300B7D6A3 /* Sources */,
				84743CE421E3A12300B7D6A3 /* Frameworks */,
				84743CE521E3A12300B7D6A3 /* Resources */,
			);
			buildRules = (
			);
			dependencies = (
				84743CE921E3A12300B7D6A3 /* PBXTargetDependency */,
			);
			name = CursoSwiftPauloEGMActividad6CoreDataTests;
			productName = CursoSwiftSeguimientoTests;
			productReference = 84743CE721E3A12300B7D6A3 /* CursoSwiftPauloEGMActividad6CoreDataTests.xctest */;
			productType = "com.apple.product-type.bundle.unit-test";
		};
		84743CF121E3A12300B7D6A3 /* CursoSwiftPauloEGMActividad6CoreDataUITests */ = {
			isa = PBXNativeTarget;
			buildConfigurationList = 84743D0121E3A12400B7D6A3 /* Build configuration list for PBXNativeTarget "CursoSwiftPauloEGMActividad6CoreDataUITests" */;
			buildPhases = (
				84743CEE21E3A12300B7D6A3 /* Sources */,
				84743CEF21E3A12300B7D6A3 /* Frameworks */,
				84743CF021E3A12300B7D6A3 /* Resources */,
			);
			buildRules = (
			);
			dependencies = (
				84743CF421E3A12300B7D6A3 /* PBXTargetDependency */,
			);
			name = CursoSwiftPauloEGMActividad6CoreDataUITests;
			productName = CursoSwiftSeguimientoUITests;
			productReference = 84743CF221E3A12300B7D6A3 /* CursoSwiftPauloEGMActividad6CoreDataUITests.xctest */;
			productType = "com.apple.product-type.bundle.ui-testing";
		};
/* End PBXNativeTarget section */

/* Begin PBXProject section */
		84743CCB21E3A12200B7D6A3 /* Project object */ = {
			isa = PBXProject;
			attributes = {
				LastSwiftUpdateCheck = 1000;
				LastUpgradeCheck = 1000;
				ORGANIZATIONNAME = usuario;
				TargetAttributes = {
					84743CD221E3A12200B7D6A3 = {
						CreatedOnToolsVersion = 10.0;
					};
					84743CE621E3A12300B7D6A3 = {
						CreatedOnToolsVersion = 10.0;
						TestTargetID = 84743CD221E3A12200B7D6A3;
					};
					84743CF121E3A12300B7D6A3 = {
						CreatedOnToolsVersion = 10.0;
						TestTargetID = 84743CD221E3A12200B7D6A3;
					};
				};
			};
			buildConfigurationList = 84743CCE21E3A12200B7D6A3 /* Build configuration list for PBXProject "CursoSwiftPauloEGMActividad6CoreData" */;
			compatibilityVersion = "Xcode 9.3";
			developmentRegion = en;
			hasScannedForEncodings = 0;
			knownRegions = (
				en,
				Base,
			);
			mainGroup = 84743CCA21E3A12200B7D6A3;
			productRefGroup = 84743CD421E3A12200B7D6A3 /* Products */;
			projectDirPath = "";
			projectRoot = "";
			targets = (
				84743CD221E3A12200B7D6A3 /* CursoSwiftPauloEGMActividad6CoreData */,
				84743CE621E3A12300B7D6A3 /* CursoSwiftPauloEGMActividad6CoreDataTests */,
				84743CF121E3A12300B7D6A3 /* CursoSwiftPauloEGMActividad6CoreDataUITests */,
			);
		};
/* End PBXProject section */

/* Begin PBXResourcesBuildPhase section */
		84743CD121E3A12200B7D6A3 /* Resources */ = {
			isa = PBXResourcesBuildPhase;
			buildActionMask = 2147483647;
			files = (
				84743CE121E3A12300B7D6A3 /* LaunchScreen.storyboard in Resources */,
				84743CDE21E3A12300B7D6A3 /* Assets.xcassets in Resources */,
				84743CDC21E3A12200B7D6A3 /* Main.storyboard in Resources */,
			);
			runOnlyForDeploymentPostprocessing = 0;
		};
		84743CE521E3A12300B7D6A3 /* Resources */ = {
			isa = PBXResourcesBuildPhase;
			buildActionMask = 2147483647;
			files = (
			);
			runOnlyForDeploymentPostprocessing = 0;
		};
		84743CF021E3A12300B7D6A3 /* Resources */ = {
			isa = PBXResourcesBuildPhase;
			buildActionMask = 2147483647;
			files = (
			);
			runOnlyForDeploymentPostprocessing = 0;
		};
/* End PBXResourcesBuildPhase section */

/* Begin PBXSourcesBuildPhase section */
		84743CCF21E3A12200B7D6A3 /* Sources */ = {
			isa = PBXSourcesBuildPhase;
			buildActionMask = 2147483647;
			files = (
				84743D1821E3D7BC00B7D6A3 /* MainMenuViewController.swift in Sources */,
				84743D1221E3D78700B7D6A3 /* LoginViewController.swift in Sources */,
				84743CD921E3A12200B7D6A3 /* ViewController.swift in Sources */,
				843EC94021E66D2400167A20 /* MapViewController.swift in Sources */,
				843EC94221E6828F00167A20 /* EmployeesTableViewController.swift in Sources */,
				84743D1421E3D79200B7D6A3 /* RegisterViewController.swift in Sources */,
				84743D1621E3D7B000B7D6A3 /* RecoverViewController.swift in Sources */,
				843EC94421E682D300167A20 /* MapRouteViewController.swift in Sources */,
				84743CD721E3A12200B7D6A3 /* AppDelegate.swift in Sources */,
				84743D0C21E3BA1200B7D6A3 /* ViewController3.swift in Sources */,
				84743D0F21E3D33700B7D6A3 /* User.swift in Sources */,
				84F561E021E7AFEA00055185 /* Model.xcdatamodeld in Sources */,
				84F561E321E7BD7A00055185 /* EditEmployeeViewController.swift in Sources */,
				84743D0A21E3B85500B7D6A3 /* ViewController2.swift in Sources */,
			);
			runOnlyForDeploymentPostprocessing = 0;
		};
		84743CE321E3A12300B7D6A3 /* Sources */ = {
			isa = PBXSourcesBuildPhase;
			buildActionMask = 2147483647;
			files = (
				84743CEC21E3A12300B7D6A3 /* CursoSwiftSeguimientoTests.swift in Sources */,
			);
			runOnlyForDeploymentPostprocessing = 0;
		};
		84743CEE21E3A12300B7D6A3 /* Sources */ = {
			isa = PBXSourcesBuildPhase;
			buildActionMask = 2147483647;
			files = (
				84743CF721E3A12400B7D6A3 /* CursoSwiftSeguimientoUITests.swift in Sources */,
			);
			runOnlyForDeploymentPostprocessing = 0;
		};
/* End PBXSourcesBuildPhase section */

/* Begin PBXTargetDependency section */
		84743CE921E3A12300B7D6A3 /* PBXTargetDependency */ = {
			isa = PBXTargetDependency;
			target = 84743CD221E3A12200B7D6A3 /* CursoSwiftPauloEGMActividad6CoreData */;
			targetProxy = 84743CE821E3A12300B7D6A3 /* PBXContainerItemProxy */;
		};
		84743CF421E3A12300B7D6A3 /* PBXTargetDependency */ = {
			isa = PBXTargetDependency;
			target = 84743CD221E3A12200B7D6A3 /* CursoSwiftPauloEGMActividad6CoreData */;
			targetProxy = 84743CF321E3A12300B7D6A3 /* PBXContainerItemProxy */;
		};
/* End PBXTargetDependency section */

/* Begin PBXVariantGroup section */
		84743CDA21E3A12200B7D6A3 /* Main.storyboard */ = {
			isa = PBXVariantGroup;
			children = (
				84743CDB21E3A12200B7D6A3 /* Base */,
			);
			name = Main.storyboard;
			sourceTree = "<group>";
		};
		84743CDF21E3A12300B7D6A3 /* LaunchScreen.storyboard */ = {
			isa = PBXVariantGroup;
			children = (
				84743CE021E3A12300B7D6A3 /* Base */,
			);
			name = LaunchScreen.storyboard;
			sourceTree = "<group>";
		};
/* End PBXVariantGroup section */

/* Begin XCBuildConfiguration section */
		84743CF921E3A12400B7D6A3 /* Debug */ = {
			isa = XCBuildConfiguration;
			buildSettings = {
				ALWAYS_SEARCH_USER_PATHS = NO;
				CLANG_ANALYZER_NONNULL = YES;
				CLANG_ANALYZER_NUMBER_OBJECT_CONVERSION = YES_AGGRESSIVE;
				CLANG_CXX_LANGUAGE_STANDARD = "gnu++14";
				CLANG_CXX_LIBRARY = "libc++";
				CLANG_ENABLE_MODULES = YES;
				CLANG_ENABLE_OBJC_ARC = YES;
				CLANG_ENABLE_OBJC_WEAK = YES;
				CLANG_WARN_BLOCK_CAPTURE_AUTORELEASING = YES;
				CLANG_WARN_BOOL_CONVERSION = YES;
				CLANG_WARN_COMMA = YES;
				CLANG_WARN_CONSTANT_CONVERSION = YES;
				CLANG_WARN_DEPRECATED_OBJC_IMPLEMENTATIONS = YES;
				CLANG_WARN_DIRECT_OBJC_ISA_USAGE = YES_ERROR;
				CLANG_WARN_DOCUMENTATION_COMMENTS = YES;
				CLANG_WARN_EMPTY_BODY = YES;
				CLANG_WARN_ENUM_CONVERSION = YES;
				CLANG_WARN_INFINITE_RECURSION = YES;
				CLANG_WARN_INT_CONVERSION = YES;
				CLANG_WARN_NON_LITERAL_NULL_CONVERSION = YES;
				CLANG_WARN_OBJC_IMPLICIT_RETAIN_SELF = YES;
				CLANG_WARN_OBJC_LITERAL_CONVERSION = YES;
				CLANG_WARN_OBJC_ROOT_CLASS = YES_ERROR;
				CLANG_WARN_RANGE_LOOP_ANALYSIS = YES;
				CLANG_WARN_STRICT_PROTOTYPES = YES;
				CLANG_WARN_SUSPICIOUS_MOVE = YES;
				CLANG_WARN_UNGUARDED_AVAILABILITY = YES_AGGRESSIVE;
				CLANG_WARN_UNREACHABLE_CODE = YES;
				CLANG_WARN__DUPLICATE_METHOD_MATCH = YES;
				CODE_SIGN_IDENTITY = "iPhone Developer";
				COPY_PHASE_STRIP = NO;
				DEBUG_INFORMATION_FORMAT = dwarf;
				ENABLE_STRICT_OBJC_MSGSEND = YES;
				ENABLE_TESTABILITY = YES;
				GCC_C_LANGUAGE_STANDARD = gnu11;
				GCC_DYNAMIC_NO_PIC = NO;
				GCC_NO_COMMON_BLOCKS = YES;
				GCC_OPTIMIZATION_LEVEL = 0;
				GCC_PREPROCESSOR_DEFINITIONS = (
					"DEBUG=1",
					"$(inherited)",
				);
				GCC_WARN_64_TO_32_BIT_CONVERSION = YES;
				GCC_WARN_ABOUT_RETURN_TYPE = YES_ERROR;
				GCC_WARN_UNDECLARED_SELECTOR = YES;
				GCC_WARN_UNINITIALIZED_AUTOS = YES_AGGRESSIVE;
				GCC_WARN_UNUSED_FUNCTION = YES;
				GCC_WARN_UNUSED_VARIABLE = YES;
				IPHONEOS_DEPLOYMENT_TARGET = 12.0;
				MTL_ENABLE_DEBUG_INFO = INCLUDE_SOURCE;
				MTL_FAST_MATH = YES;
				ONLY_ACTIVE_ARCH = YES;
				SDKROOT = iphoneos;
				SWIFT_ACTIVE_COMPILATION_CONDITIONS = DEBUG;
				SWIFT_OPTIMIZATION_LEVEL = "-Onone";
			};
			name = Debug;
		};
		84743CFA21E3A12400B7D6A3 /* Release */ = {
			isa = XCBuildConfiguration;
			buildSettings = {
				ALWAYS_SEARCH_USER_PATHS = NO;
				CLANG_ANALYZER_NONNULL = YES;
				CLANG_ANALYZER_NUMBER_OBJECT_CONVERSION = YES_AGGRESSIVE;
				CLANG_CXX_LANGUAGE_STANDARD = "gnu++14";
				CLANG_CXX_LIBRARY = "libc++";
				CLANG_ENABLE_MODULES = YES;
				CLANG_ENABLE_OBJC_ARC = YES;
				CLANG_ENABLE_OBJC_WEAK = YES;
				CLANG_WARN_BLOCK_CAPTURE_AUTORELEASING = YES;
				CLANG_WARN_BOOL_CONVERSION = YES;
				CLANG_WARN_COMMA = YES;
				CLANG_WARN_CONSTANT_CONVERSION = YES;
				CLANG_WARN_DEPRECATED_OBJC_IMPLEMENTATIONS = YES;
				CLANG_WARN_DIRECT_OBJC_ISA_USAGE = YES_ERROR;
				CLANG_WARN_DOCUMENTATION_COMMENTS = YES;
				CLANG_WARN_EMPTY_BODY = YES;
				CLANG_WARN_ENUM_CONVERSION = YES;
				CLANG_WARN_INFINITE_RECURSION = YES;
				CLANG_WARN_INT_CONVERSION = YES;
				CLANG_WARN_NON_LITERAL_NULL_CONVERSION = YES;
				CLANG_WARN_OBJC_IMPLICIT_RETAIN_SELF = YES;
				CLANG_WARN_OBJC_LITERAL_CONVERSION = YES;
				CLANG_WARN_OBJC_ROOT_CLASS = YES_ERROR;
				CLANG_WARN_RANGE_LOOP_ANALYSIS = YES;
				CLANG_WARN_STRICT_PROTOTYPES = YES;
				CLANG_WARN_SUSPICIOUS_MOVE = YES;
				CLANG_WARN_UNGUARDED_AVAILABILITY = YES_AGGRESSIVE;
				CLANG_WARN_UNREACHABLE_CODE = YES;
				CLANG_WARN__DUPLICATE_METHOD_MATCH = YES;
				CODE_SIGN_IDENTITY = "iPhone Developer";
				COPY_PHASE_STRIP = NO;
				DEBUG_INFORMATION_FORMAT = "dwarf-with-dsym";
				ENABLE_NS_ASSERTIONS = NO;
				ENABLE_STRICT_OBJC_MSGSEND = YES;
				GCC_C_LANGUAGE_STANDARD = gnu11;
				GCC_NO_COMMON_BLOCKS = YES;
				GCC_WARN_64_TO_32_BIT_CONVERSION = YES;
				GCC_WARN_ABOUT_RETURN_TYPE = YES_ERROR;
				GCC_WARN_UNDECLARED_SELECTOR = YES;
				GCC_WARN_UNINITIALIZED_AUTOS = YES_AGGRESSIVE;
				GCC_WARN_UNUSED_FUNCTION = YES;
				GCC_WARN_UNUSED_VARIABLE = YES;
				IPHONEOS_DEPLOYMENT_TARGET = 12.0;
				MTL_ENABLE_DEBUG_INFO = NO;
				MTL_FAST_MATH = YES;
				SDKROOT = iphoneos;
				SWIFT_COMPILATION_MODE = wholemodule;
				SWIFT_OPTIMIZATION_LEVEL = "-O";
				VALIDATE_PRODUCT = YES;
			};
			name = Release;
		};
		84743CFC21E3A12400B7D6A3 /* Debug */ = {
			isa = XCBuildConfiguration;
			buildSettings = {
				ASSETCATALOG_COMPILER_APPICON_NAME = AppIcon;
				CODE_SIGN_STYLE = Automatic;
				INFOPLIST_FILE = CursoSwiftSeguimiento/Info.plist;
				LD_RUNPATH_SEARCH_PATHS = (
					"$(inherited)",
					"@executable_path/Frameworks",
				);
				PRODUCT_BUNDLE_IDENTIFIER = com.pg.CursoSwiftPauloEGMActividad5Mapas;
				PRODUCT_NAME = "$(TARGET_NAME)";
				SWIFT_VERSION = 4.2;
				TARGETED_DEVICE_FAMILY = "1,2";
			};
			name = Debug;
		};
		84743CFD21E3A12400B7D6A3 /* Release */ = {
			isa = XCBuildConfiguration;
			buildSettings = {
				ASSETCATALOG_COMPILER_APPICON_NAME = AppIcon;
				CODE_SIGN_STYLE = Automatic;
				INFOPLIST_FILE = CursoSwiftSeguimiento/Info.plist;
				LD_RUNPATH_SEARCH_PATHS = (
					"$(inherited)",
					"@executable_path/Frameworks",
				);
				PRODUCT_BUNDLE_IDENTIFIER = com.pg.CursoSwiftPauloEGMActividad5Mapas;
				PRODUCT_NAME = "$(TARGET_NAME)";
				SWIFT_VERSION = 4.2;
				TARGETED_DEVICE_FAMILY = "1,2";
			};
			name = Release;
		};
		84743CFF21E3A12400B7D6A3 /* Debug */ = {
			isa = XCBuildConfiguration;
			buildSettings = {
				ALWAYS_EMBED_SWIFT_STANDARD_LIBRARIES = YES;
				BUNDLE_LOADER = "$(TEST_HOST)";
				CODE_SIGN_STYLE = Automatic;
				INFOPLIST_FILE = CursoSwiftSeguimientoTests/Info.plist;
				LD_RUNPATH_SEARCH_PATHS = (
					"$(inherited)",
					"@executable_path/Frameworks",
					"@loader_path/Frameworks",
				);
				PRODUCT_BUNDLE_IDENTIFIER = com.pg.CursoSwiftSeguimientoTests;
				PRODUCT_NAME = "$(TARGET_NAME)";
				SWIFT_VERSION = 4.2;
				TARGETED_DEVICE_FAMILY = "1,2";
				TEST_HOST = "$(BUILT_PRODUCTS_DIR)/CursoSwiftPauloEGMActividad6CoreData.app/CursoSwiftPauloEGMActividad6CoreData";
			};
			name = Debug;
		};
		84743D0021E3A12400B7D6A3 /* Release */ = {
			isa = XCBuildConfiguration;
			buildSettings = {
				ALWAYS_EMBED_SWIFT_STANDARD_LIBRARIES = YES;
				BUNDLE_LOADER = "$(TEST_HOST)";
				CODE_SIGN_STYLE = Automatic;
				INFOPLIST_FILE = CursoSwiftSeguimientoTests/Info.plist;
				LD_RUNPATH_SEARCH_PATHS = (
					"$(inherited)",
					"@executable_path/Frameworks",
					"@loader_path/Frameworks",
				);
				PRODUCT_BUNDLE_IDENTIFIER = com.pg.CursoSwiftSeguimientoTests;
				PRODUCT_NAME = "$(TARGET_NAME)";
				SWIFT_VERSION = 4.2;
				TARGETED_DEVICE_FAMILY = "1,2";
				TEST_HOST = "$(BUILT_PRODUCTS_DIR)/CursoSwiftPauloEGMActividad6CoreData.app/CursoSwiftPauloEGMActividad6CoreData";
			};
			name = Release;
		};
		84743D0221E3A12400B7D6A3 /* Debug */ = {
			isa = XCBuildConfiguration;
			buildSettings = {
				ALWAYS_EMBED_SWIFT_STANDARD_LIBRARIES = YES;
				CODE_SIGN_STYLE = Automatic;
				INFOPLIST_FILE = CursoSwiftSeguimientoUITests/Info.plist;
				LD_RUNPATH_SEARCH_PATHS = (
					"$(inherited)",
					"@executable_path/Frameworks",
					"@loader_path/Frameworks",
				);
				PRODUCT_BUNDLE_IDENTIFIER = com.pg.CursoSwiftSeguimientoUITests;
				PRODUCT_NAME = "$(TARGET_NAME)";
				SWIFT_VERSION = 4.2;
				TARGETED_DEVICE_FAMILY = "1,2";
				TEST_TARGET_NAME = CursoSwiftSeguimiento;
			};
			name = Debug;
		};
		84743D0321E3A12400B7D6A3 /* Release */ = {
			isa = XCBuildConfiguration;
			buildSettings = {
				ALWAYS_EMBED_SWIFT_STANDARD_LIBRARIES = YES;
				CODE_SIGN_STYLE = Automatic;
				INFOPLIST_FILE = CursoSwiftSeguimientoUITests/Info.plist;
				LD_RUNPATH_SEARCH_PATHS = (
					"$(inherited)",
					"@executable_path/Frameworks",
					"@loader_path/Frameworks",
				);
				PRODUCT_BUNDLE_IDENTIFIER = com.pg.CursoSwiftSeguimientoUITests;
				PRODUCT_NAME = "$(TARGET_NAME)";
				SWIFT_VERSION = 4.2;
				TARGETED_DEVICE_FAMILY = "1,2";
				TEST_TARGET_NAME = CursoSwiftSeguimiento;
			};
			name = Release;
		};
/* End XCBuildConfiguration section */

/* Begin XCConfigurationList section */
		84743CCE21E3A12200B7D6A3 /* Build configuration list for PBXProject "CursoSwiftPauloEGMActividad6CoreData" */ = {
			isa = XCConfigurationList;
			buildConfigurations = (
				84743CF921E3A12400B7D6A3 /* Debug */,
				84743CFA21E3A12400B7D6A3 /* Release */,
			);
			defaultConfigurationIsVisible = 0;
			defaultConfigurationName = Release;
		};
		84743CFB21E3A12400B7D6A3 /* Build configuration list for PBXNativeTarget "CursoSwiftPauloEGMActividad6CoreData" */ = {
			isa = XCConfigurationList;
			buildConfigurations = (
				84743CFC21E3A12400B7D6A3 /* Debug */,
				84743CFD21E3A12400B7D6A3 /* Release */,
			);
			defaultConfigurationIsVisible = 0;
			defaultConfigurationName = Release;
		};
		84743CFE21E3A12400B7D6A3 /* Build configuration list for PBXNativeTarget "CursoSwiftPauloEGMActividad6CoreDataTests" */ = {
			isa = XCConfigurationList;
			buildConfigurations = (
				84743CFF21E3A12400B7D6A3 /* Debug */,
				84743D0021E3A12400B7D6A3 /* Release */,
			);
			defaultConfigurationIsVisible = 0;
			defaultConfigurationName = Release;
		};
		84743D0121E3A12400B7D6A3 /* Build configuration list for PBXNativeTarget "CursoSwiftPauloEGMActividad6CoreDataUITests" */ = {
			isa = XCConfigurationList;
			buildConfigurations = (
				84743D0221E3A12400B7D6A3 /* Debug */,
				84743D0321E3A12400B7D6A3 /* Release */,
			);
			defaultConfigurationIsVisible = 0;
			defaultConfigurationName = Release;
		};
/* End XCConfigurationList section */

/* Begin XCVersionGroup section */
		84F561DE21E7AFEA00055185 /* Model.xcdatamodeld */ = {
			isa = XCVersionGroup;
			children = (
				84F561DF21E7AFEA00055185 /* Model.xcdatamodel */,
			);
			currentVersion = 84F561DF21E7AFEA00055185 /* Model.xcdatamodel */;
			path = Model.xcdatamodeld;
			sourceTree = "<group>";
			versionGroupType = wrapper.xcdatamodel;
		};
/* End XCVersionGroup section */
	};
	rootObject = 84743CCB21E3A12200B7D6A3 /* Project object */;
}
